
Microsoft Visual Studio Solution File, Format Version 12.00
# Visual Studio Version 17
VisualStudioVersion = 17.9.34723.18
MinimumVisualStudioVersion = 10.0.40219.1
Project("{9A19103F-16F7-4668-BE54-9A1E7A4F7556}") = "SommerSummarum", "SommerSummarum\SommerSummarum.csproj", "{7E51657E-37C5-43D6-B93D-BD5ED83F6435}"
EndProject
Project("{9A19103F-16F7-4668-BE54-9A1E7A4F7556}") = "Core", "Core\Core.csproj", "{ADD128BC-58D8-42C6-9E69-D49512DEB4EF}"
EndProject
Project("{9A19103F-16F7-4668-BE54-9A1E7A4F7556}") = "ServerAPI", "ServerAPI\ServerAPI.csproj", "{14385C9D-7324-477B-94EE-D3E8735C9EF7}"
EndProject
Global
	GlobalSection(SolutionConfigurationPlatforms) = preSolution
		Debug|Any CPU = Debug|Any CPU
		Release|Any CPU = Release|Any CPU
	EndGlobalSection
	GlobalSection(ProjectConfigurationPlatforms) = postSolution
		{7E51657E-37C5-43D6-B93D-BD5ED83F6435}.Debug|Any CPU.ActiveCfg = Debug|Any CPU
		{7E51657E-37C5-43D6-B93D-BD5ED83F6435}.Debug|Any CPU.Build.0 = Debug|Any CPU
		{7E51657E-37C5-43D6-B93D-BD5ED83F6435}.Release|Any CPU.ActiveCfg = Release|Any CPU
		{7E51657E-37C5-43D6-B93D-BD5ED83F6435}.Release|Any CPU.Build.0 = Release|Any CPU
		{ADD128BC-58D8-42C6-9E69-D49512DEB4EF}.Debug|Any CPU.ActiveCfg = Debug|Any CPU
		{ADD128BC-58D8-42C6-9E69-D49512DEB4EF}.Debug|Any CPU.Build.0 = Debug|Any CPU
		{ADD128BC-58D8-42C6-9E69-D49512DEB4EF}.Release|Any CPU.ActiveCfg = Release|Any CPU
		{ADD128BC-58D8-42C6-9E69-D49512DEB4EF}.Release|Any CPU.Build.0 = Release|Any CPU
		{14385C9D-7324-477B-94EE-D3E8735C9EF7}.Debug|Any CPU.ActiveCfg = Debug|Any CPU
		{14385C9D-7324-477B-94EE-D3E8735C9EF7}.Debug|Any CPU.Build.0 = Debug|Any CPU
		{14385C9D-7324-477B-94EE-D3E8735C9EF7}.Release|Any CPU.ActiveCfg = Release|Any CPU
		{14385C9D-7324-477B-94EE-D3E8735C9EF7}.Release|Any CPU.Build.0 = Release|Any CPU
	EndGlobalSection
	GlobalSection(SolutionProperties) = preSolution
		HideSolutionNode = FALSE
	EndGlobalSection
	GlobalSection(ExtensibilityGlobals) = postSolution
		SolutionGuid = {481D455D-21BC-4A8F-BCA6-893BADEFF91B}
	EndGlobalSection
EndGlobal
